
Microsoft Visual Studio Solution File, Format Version 12.00
Project("{FAE04EC0-301F-11D3-BF4B-00C04F79EFBC}") = "NServiceBusConsole", "NServiceBusConsole\NServiceBusConsole.csproj", "{B17F3ECB-C84D-41BA-B067-2AA5A1BB86B1}"
EndProject
Project("{2150E333-8FDC-42A3-9474-1A3956D46DE8}") = "SolutionFolder", "SolutionFolder", "{9014290C-0966-432C-98D0-3A2824607E1F}"
	ProjectSection(SolutionItems) = preProject
		.gitignore = .gitignore
	EndProjectSection
EndProject
Global
	GlobalSection(SolutionConfigurationPlatforms) = preSolution
		Debug|Any CPU = Debug|Any CPU
		Release|Any CPU = Release|Any CPU
	EndGlobalSection
	GlobalSection(ProjectConfigurationPlatforms) = postSolution
		{B17F3ECB-C84D-41BA-B067-2AA5A1BB86B1}.Debug|Any CPU.ActiveCfg = Debug|Any CPU
		{B17F3ECB-C84D-41BA-B067-2AA5A1BB86B1}.Debug|Any CPU.Build.0 = Debug|Any CPU
		{B17F3ECB-C84D-41BA-B067-2AA5A1BB86B1}.Release|Any CPU.ActiveCfg = Release|Any CPU
		{B17F3ECB-C84D-41BA-B067-2AA5A1BB86B1}.Release|Any CPU.Build.0 = Release|Any CPU
	EndGlobalSection
EndGlobal
